
Microsoft Visual Studio Solution File, Format Version 12.00
# Visual Studio Version 17
VisualStudioVersion = 17.11.35208.52
MinimumVisualStudioVersion = 10.0.40219.1
Project("{9A19103F-16F7-4668-BE54-9A1E7A4F7556}") = "Freelancing_Website", "Freelancing_Website\Freelancing_Website.csproj", "{87E15206-5027-462C-855E-936C35E5E9BC}"
EndProject
Project("{FAE04EC0-301F-11D3-BF4B-00C04F79EFBC}") = "CodeSphere.Domain", "CodeSphere.Domain\CodeSphere.Domain.csproj", "{D185AF7D-4DA3-4DD6-9D57-C3C5EE4A7163}"
EndProject
Project("{FAE04EC0-301F-11D3-BF4B-00C04F79EFBC}") = "CodeSphere.Infrastructure", "CodeSphere.Infrastructure\CodeSphere.Infrastructure.csproj", "{E886B730-72E5-4265-BD21-0BC80D01D1F6}"
EndProject
Global
	GlobalSection(SolutionConfigurationPlatforms) = preSolution
		Debug|Any CPU = Debug|Any CPU
		Release|Any CPU = Release|Any CPU
	EndGlobalSection
	GlobalSection(ProjectConfigurationPlatforms) = postSolution
		{87E15206-5027-462C-855E-936C35E5E9BC}.Debug|Any CPU.ActiveCfg = Debug|Any CPU
		{87E15206-5027-462C-855E-936C35E5E9BC}.Debug|Any CPU.Build.0 = Debug|Any CPU
		{87E15206-5027-462C-855E-936C35E5E9BC}.Release|Any CPU.ActiveCfg = Release|Any CPU
		{87E15206-5027-462C-855E-936C35E5E9BC}.Release|Any CPU.Build.0 = Release|Any CPU
		{D185AF7D-4DA3-4DD6-9D57-C3C5EE4A7163}.Debug|Any CPU.ActiveCfg = Debug|Any CPU
		{D185AF7D-4DA3-4DD6-9D57-C3C5EE4A7163}.Debug|Any CPU.Build.0 = Debug|Any CPU
		{D185AF7D-4DA3-4DD6-9D57-C3C5EE4A7163}.Release|Any CPU.ActiveCfg = Release|Any CPU
		{D185AF7D-4DA3-4DD6-9D57-C3C5EE4A7163}.Release|Any CPU.Build.0 = Release|Any CPU
		{E886B730-72E5-4265-BD21-0BC80D01D1F6}.Debug|Any CPU.ActiveCfg = Debug|Any CPU
		{E886B730-72E5-4265-BD21-0BC80D01D1F6}.Debug|Any CPU.Build.0 = Debug|Any CPU
		{E886B730-72E5-4265-BD21-0BC80D01D1F6}.Release|Any CPU.ActiveCfg = Release|Any CPU
		{E886B730-72E5-4265-BD21-0BC80D01D1F6}.Release|Any CPU.Build.0 = Release|Any CPU
	EndGlobalSection
	GlobalSection(SolutionProperties) = preSolution
		HideSolutionNode = FALSE
	EndGlobalSection
	GlobalSection(ExtensibilityGlobals) = postSolution
		SolutionGuid = {C64ED350-FFEF-45D4-956A-DFD87F57C813}
	EndGlobalSection
EndGlobal
